
Microsoft Visual Studio Solution File, Format Version 11.00
# Visual Studio 2010
Project("{FAE04EC0-301F-11D3-BF4B-00C04F79EFBC}") = "Assembly-CSharp", "Assembly-CSharp.csproj", "{C9427638-C7F8-5256-31D5-2DDA36C20D7A}"
EndProject
Global
	GlobalSection(SolutionConfigurationPlatforms) = preSolution
		Debug|Any CPU = Debug|Any CPU
		Release|Any CPU = Release|Any CPU
	EndGlobalSection
	GlobalSection(ProjectConfigurationPlatforms) = postSolution
		{C9427638-C7F8-5256-31D5-2DDA36C20D7A}.Debug|Any CPU.ActiveCfg = Debug|Any CPU
		{C9427638-C7F8-5256-31D5-2DDA36C20D7A}.Debug|Any CPU.Build.0 = Debug|Any CPU
		{C9427638-C7F8-5256-31D5-2DDA36C20D7A}.Release|Any CPU.ActiveCfg = Release|Any CPU
		{C9427638-C7F8-5256-31D5-2DDA36C20D7A}.Release|Any CPU.Build.0 = Release|Any CPU
	EndGlobalSection
	GlobalSection(SolutionProperties) = preSolution
		HideSolutionNode = FALSE
	EndGlobalSection
EndGlobal
